// !$*UTF8*$!
{
	archiveVersion = 1;
	classes = {
	};
	objectVersion = 46;
	objects = {

/* Begin PBXBuildFile section */
		9B3B3E8D1AB04CA1006C2F5B /* main.m in Sources */ = {isa = PBXBuildFile; fileRef = 9B3B3E8C1AB04CA1006C2F5B /* main.m */; };
		9B3B3E901AB04CA1006C2F5B /* AppDelegate.m in Sources */ = {isa = PBXBuildFile; fileRef = 9B3B3E8F1AB04CA1006C2F5B /* AppDelegate.m */; };
		9B3B3E931AB04CA1006C2F5B /* ViewController.m in Sources */ = {isa = PBXBuildFile; fileRef = 9B3B3E921AB04CA1006C2F5B /* ViewController.m */; };
		9B3B3E961AB04CA1006C2F5B /* Main.storyboard in Resources */ = {isa = PBXBuildFile; fileRef = 9B3B3E941AB04CA1006C2F5B /* Main.storyboard */; };
		9B3B3E981AB04CA1006C2F5B /* Images.xcassets in Resources */ = {isa = PBXBuildFile; fileRef = 9B3B3E971AB04CA1006C2F5B /* Images.xcassets */; };
		9B3B3E9B1AB04CA1006C2F5B /* LaunchScreen.xib in Resources */ = {isa = PBXBuildFile; fileRef = 9B3B3E991AB04CA1006C2F5B /* LaunchScreen.xib */; };
		9B3B3EA71AB04CA1006C2F5B /* ScrollableTabTests.m in Sources */ = {isa = PBXBuildFile; fileRef = 9B3B3EA61AB04CA1006C2F5B /* ScrollableTabTests.m */; };
/* End PBXBuildFile section */

/* Begin PBXContainerItemProxy section */
		9B3B3EA11AB04CA1006C2F5B /* PBXContainerItemProxy */ = {
			isa = PBXContainerItemProxy;
			containerPortal = 9B3B3E7F1AB04CA1006C2F5B /* Project object */;
			proxyType = 1;
			remoteGlobalIDString = 9B3B3E861AB04CA1006C2F5B;
			remoteInfo = ScrollableTab;
		};
/* End PBXContainerItemProxy section */

/* Begin PBXFileReference section */
		9B3B3E871AB04CA1006C2F5B /* ScrollableTab.app */ = {isa = PBXFileReference; explicitFileType = wrapper.application; includeInIndex = 0; path = ScrollableTab.app; sourceTree = BUILT_PRODUCTS_DIR; };
		9B3B3E8B1AB04CA1006C2F5B /* Info.plist */ = {isa = PBXFileReference; lastKnownFileType = text.plist.xml; path = Info.plist; sourceTree = "<group>"; };
		9B3B3E8C1AB04CA1006C2F5B /* main.m */ = {isa = PBXFileReference; lastKnownFileType = sourcecode.c.objc; path = main.m; sourceTree = "<group>"; };
		9B3B3E8E1AB04CA1006C2F5B /* AppDelegate.h */ = {isa = PBXFileReference; lastKnownFileType = sourcecode.c.h; path = AppDelegate.h; sourceTree = "<group>"; };
		9B3B3E8F1AB04CA1006C2F5B /* AppDelegate.m */ = {isa = PBXFileReference; lastKnownFileType = sourcecode.c.objc; path = AppDelegate.m; sourceTree = "<group>"; };
		9B3B3E911AB04CA1006C2F5B /* ViewController.h */ = {isa = PBXFileReference; lastKnownFileType = sourcecode.c.h; path = ViewController.h; sourceTree = "<group>"; };
		9B3B3E921AB04CA1006C2F5B /* ViewController.m */ = {isa = PBXFileReference; lastKnownFileType = sourcecode.c.objc; path = ViewController.m; sourceTree = "<group>"; };
		9B3B3E951AB04CA1006C2F5B /* Base */ = {isa = PBXFileReference; lastKnownFileType = file.storyboard; name = Base; path = Base.lproj/Main.storyboard; sourceTree = "<group>"; };
		9B3B3E971AB04CA1006C2F5B /* Images.xcassets */ = {isa = PBXFileReference; lastKnownFileType = folder.assetcatalog; path = Images.xcassets; sourceTree = "<group>"; };
		9B3B3E9A1AB04CA1006C2F5B /* Base */ = {isa = PBXFileReference; lastKnownFileType = file.xib; name = Base; path = Base.lproj/LaunchScreen.xib; sourceTree = "<group>"; };
		9B3B3EA01AB04CA1006C2F5B /* ScrollableTabTests.xctest */ = {isa = PBXFileReference; explicitFileType = wrapper.cfbundle; includeInIndex = 0; path = ScrollableTabTests.xctest; sourceTree = BUILT_PRODUCTS_DIR; };
		9B3B3EA51AB04CA1006C2F5B /* Info.plist */ = {isa = PBXFileReference; lastKnownFileType = text.plist.xml; path = Info.plist; sourceTree = "<group>"; };
		9B3B3EA61AB04CA1006C2F5B /* ScrollableTabTests.m */ = {isa = PBXFileReference; lastKnownFileType = sourcecode.c.objc; path = ScrollableTabTests.m; sourceTree = "<group>"; };
/* End PBXFileReference section */

/* Begin PBXFrameworksBuildPhase section */
		9B3B3E841AB04CA1006C2F5B /* Frameworks */ = {
			isa = PBXFrameworksBuildPhase;
			buildActionMask = 2147483647;
			files = (
			);
			runOnlyForDeploymentPostprocessing = 0;
		};
		9B3B3E9D1AB04CA1006C2F5B /* Frameworks */ = {
			isa = PBXFrameworksBuildPhase;
			buildActionMask = 2147483647;
			files = (
			);
			runOnlyForDeploymentPostprocessing = 0;
		};
/* End PBXFrameworksBuildPhase section */

/* Begin PBXGroup section */
		9B3B3E7E1AB04CA1006C2F5B = {
			isa = PBXGroup;
			children = (
				9B3B3E891AB04CA1006C2F5B /* ScrollableTab */,
				9B3B3EA31AB04CA1006C2F5B /* ScrollableTabTests */,
				9B3B3E881AB04CA1006C2F5B /* Products */,
			);
			sourceTree = "<group>";
		};
		9B3B3E881AB04CA1006C2F5B /* Products */ = {
			isa = PBXGroup;
			children = (
				9B3B3E871AB04CA1006C2F5B /* ScrollableTab.app */,
				9B3B3EA01AB04CA1006C2F5B /* ScrollableTabTests.xctest */,
			);
			name = Products;
			sourceTree = "<group>";
		};
		9B3B3E891AB04CA1006C2F5B /* ScrollableTab */ = {
			isa = PBXGroup;
			children = (
				9B3B3E8E1AB04CA1006C2F5B /* AppDelegate.h */,
				9B3B3E8F1AB04CA1006C2F5B /* AppDelegate.m */,
				9B3B3E911AB04CA1006C2F5B /* ViewController.h */,
				9B3B3E921AB04CA1006C2F5B /* ViewController.m */,
				9B3B3E941AB04CA1006C2F5B /* Main.storyboard */,
				9B3B3E971AB04CA1006C2F5B /* Images.xcassets */,
				9B3B3E991AB04CA1006C2F5B /* LaunchScreen.xib */,
				9B3B3E8A1AB04CA1006C2F5B /* Supporting Files */,
			);
			path = ScrollableTab;
			sourceTree = "<group>";
		};
		9B3B3E8A1AB04CA1006C2F5B /* Supporting Files */ = {
			isa = PBXGroup;
			children = (
				9B3B3E8B1AB04CA1006C2F5B /* Info.plist */,
				9B3B3E8C1AB04CA1006C2F5B /* main.m */,
			);
			name = "Supporting Files";
			sourceTree = "<group>";
		};
		9B3B3EA31AB04CA1006C2F5B /* ScrollableTabTests */ = {
			isa = PBXGroup;
			children = (
				9B3B3EA61AB04CA1006C2F5B /* ScrollableTabTests.m */,
				9B3B3EA41AB04CA1006C2F5B /* Supporting Files */,
			);
			path = ScrollableTabTests;
			sourceTree = "<group>";
		};
		9B3B3EA41AB04CA1006C2F5B /* Supporting Files */ = {
			isa = PBXGroup;
			children = (
				9B3B3EA51AB04CA1006C2F5B /* Info.plist */,
			);
			name = "Supporting Files";
			sourceTree = "<group>";
		};
/* End PBXGroup section */

/* Begin PBXNativeTarget section */
		9B3B3E861AB04CA1006C2F5B /* ScrollableTab */ = {
			isa = PBXNativeTarget;
			buildConfigurationList = 9B3B3EAA1AB04CA1006C2F5B /* Build configuration list for PBXNativeTarget "ScrollableTab" */;
			buildPhases = (
				9B3B3E831AB04CA1006C2F5B /* Sources */,
				9B3B3E841AB04CA1006C2F5B /* Frameworks */,
				9B3B3E851AB04CA1006C2F5B /* Resources */,
			);
			buildRules = (
			);
			dependencies = (
			);
			name = ScrollableTab;
			productName = ScrollableTab;
			productReference = 9B3B3E871AB04CA1006C2F5B /* ScrollableTab.app */;
			productType = "com.apple.product-type.application";
		};
		9B3B3E9F1AB04CA1006C2F5B /* ScrollableTabTests */ = {
			isa = PBXNativeTarget;
			buildConfigurationList = 9B3B3EAD1AB04CA1006C2F5B /* Build configuration list for PBXNativeTarget "ScrollableTabTests" */;
			buildPhases = (
				9B3B3E9C1AB04CA1006C2F5B /* Sources */,
				9B3B3E9D1AB04CA1006C2F5B /* Frameworks */,
				9B3B3E9E1AB04CA1006C2F5B /* Resources */,
			);
			buildRules = (
			);
			dependencies = (
				9B3B3EA21AB04CA1006C2F5B /* PBXTargetDependency */,
			);
			name = ScrollableTabTests;
			productName = ScrollableTabTests;
			productReference = 9B3B3EA01AB04CA1006C2F5B /* ScrollableTabTests.xctest */;
			productType = "com.apple.product-type.bundle.unit-test";
		};
/* End PBXNativeTarget section */

/* Begin PBXProject section */
		9B3B3E7F1AB04CA1006C2F5B /* Project object */ = {
			isa = PBXProject;
			attributes = {
				LastUpgradeCheck = 0610;
				ORGANIZATIONNAME = mobitronics;
				TargetAttributes = {
					9B3B3E861AB04CA1006C2F5B = {
						CreatedOnToolsVersion = 6.1;
					};
					9B3B3E9F1AB04CA1006C2F5B = {
						CreatedOnToolsVersion = 6.1;
						TestTargetID = 9B3B3E861AB04CA1006C2F5B;
					};
				};
			};
			buildConfigurationList = 9B3B3E821AB04CA1006C2F5B /* Build configuration list for PBXProject "ScrollableTab" */;
			compatibilityVersion = "Xcode 3.2";
			developmentRegion = English;
			hasScannedForEncodings = 0;
			knownRegions = (
				en,
				Base,
			);
			mainGroup = 9B3B3E7E1AB04CA1006C2F5B;
			productRefGroup = 9B3B3E881AB04CA1006C2F5B /* Products */;
			projectDirPath = "";
			projectRoot = "";
			targets = (
				9B3B3E861AB04CA1006C2F5B /* ScrollableTab */,
				9B3B3E9F1AB04CA1006C2F5B /* ScrollableTabTests */,
			);
		};
/* End PBXProject section */

/* Begin PBXResourcesBuildPhase section */
		9B3B3E851AB04CA1006C2F5B /* Resources */ = {
			isa = PBXResourcesBuildPhase;
			buildActionMask = 2147483647;
			files = (
				9B3B3E961AB04CA1006C2F5B /* Main.storyboard in Resources */,
				9B3B3E9B1AB04CA1006C2F5B /* LaunchScreen.xib in Resources */,
				9B3B3E981AB04CA1006C2F5B /* Images.xcassets in Resources */,
			);
			runOnlyForDeploymentPostprocessing = 0;
		};
		9B3B3E9E1AB04CA1006C2F5B /* Resources */ = {
			isa = PBXResourcesBuildPhase;
			buildActionMask = 2147483647;
			files = (
			);
			runOnlyForDeploymentPostprocessing = 0;
		};
/* End PBXResourcesBuildPhase section */

/* Begin PBXSourcesBuildPhase section */
		9B3B3E831AB04CA1006C2F5B /* Sources */ = {
			isa = PBXSourcesBuildPhase;
			buildActionMask = 2147483647;
			files = (
				9B3B3E931AB04CA1006C2F5B /* ViewController.m in Sources */,
				9B3B3E901AB04CA1006C2F5B /* AppDelegate.m in Sources */,
				9B3B3E8D1AB04CA1006C2F5B /* main.m in Sources */,
			);
			runOnlyForDeploymentPostprocessing = 0;
		};
		9B3B3E9C1AB04CA1006C2F5B /* Sources */ = {
			isa = PBXSourcesBuildPhase;
			buildActionMask = 2147483647;
			files = (
				9B3B3EA71AB04CA1006C2F5B /* ScrollableTabTests.m in Sources */,
			);
			runOnlyForDeploymentPostprocessing = 0;
		};
/* End PBXSourcesBuildPhase section */

/* Begin PBXTargetDependency section */
		9B3B3EA21AB04CA1006C2F5B /* PBXTargetDependency */ = {
			isa = PBXTargetDependency;
			target = 9B3B3E861AB04CA1006C2F5B /* ScrollableTab */;
			targetProxy = 9B3B3EA11AB04CA1006C2F5B /* PBXContainerItemProxy */;
		};
/* End PBXTargetDependency section */

/* Begin PBXVariantGroup section */
		9B3B3E941AB04CA1006C2F5B /* Main.storyboard */ = {
			isa = PBXVariantGroup;
			children = (
				9B3B3E951AB04CA1006C2F5B /* Base */,
			);
			name = Main.storyboard;
			sourceTree = "<group>";
		};
		9B3B3E991AB04CA1006C2F5B /* LaunchScreen.xib */ = {
			isa = PBXVariantGroup;
			children = (
				9B3B3E9A1AB04CA1006C2F5B /* Base */,
			);
			name = LaunchScreen.xib;
			sourceTree = "<group>";
		};
/* End PBXVariantGroup section */

/* Begin XCBuildConfiguration section */
		9B3B3EA81AB04CA1006C2F5B /* Debug */ = {
			isa = XCBuildConfiguration;
			buildSettings = {
				ALWAYS_SEARCH_USER_PATHS = NO;
				CLANG_CXX_LANGUAGE_STANDARD = "gnu++0x";
				CLANG_CXX_LIBRARY = "libc++";
				CLANG_ENABLE_MODULES = YES;
				CLANG_ENABLE_OBJC_ARC = YES;
				CLANG_WARN_BOOL_CONVERSION = YES;
				CLANG_WARN_CONSTANT_CONVERSION = YES;
				CLANG_WARN_DIRECT_OBJC_ISA_USAGE = YES_ERROR;
				CLANG_WARN_EMPTY_BODY = YES;
				CLANG_WARN_ENUM_CONVERSION = YES;
				CLANG_WARN_INT_CONVERSION = YES;
				CLANG_WARN_OBJC_ROOT_CLASS = YES_ERROR;
				CLANG_WARN_UNREACHABLE_CODE = YES;
				CLANG_WARN__DUPLICATE_METHOD_MATCH = YES;
				"CODE_SIGN_IDENTITY[sdk=iphoneos*]" = "iPhone Developer";
				COPY_PHASE_STRIP = NO;
				ENABLE_STRICT_OBJC_MSGSEND = YES;
				GCC_C_LANGUAGE_STANDARD = gnu99;
				GCC_DYNAMIC_NO_PIC = NO;
				GCC_OPTIMIZATION_LEVEL = 0;
				GCC_PREPROCESSOR_DEFINITIONS = (
					"DEBUG=1",
					"$(inherited)",
				);
				GCC_SYMBOLS_PRIVATE_EXTERN = NO;
				GCC_WARN_64_TO_32_BIT_CONVERSION = YES;
				GCC_WARN_ABOUT_RETURN_TYPE = YES_ERROR;
				GCC_WARN_UNDECLARED_SELECTOR = YES;
				GCC_WARN_UNINITIALIZED_AUTOS = YES_AGGRESSIVE;
				GCC_WARN_UNUSED_FUNCTION = YES;
				GCC_WARN_UNUSED_VARIABLE = YES;
				IPHONEOS_DEPLOYMENT_TARGET = 8.1;
				MTL_ENABLE_DEBUG_INFO = YES;
				ONLY_ACTIVE_ARCH = YES;
				SDKROOT = iphoneos;
			};
			name = Debug;
		};
		9B3B3EA91AB04CA1006C2F5B /* Release */ = {
			isa = XCBuildConfiguration;
			buildSettings = {
				ALWAYS_SEARCH_USER_PATHS = NO;
				CLANG_CXX_LANGUAGE_STANDARD = "gnu++0x";
				CLANG_CXX_LIBRARY = "libc++";
				CLANG_ENABLE_MODULES = YES;
				CLANG_ENABLE_OBJC_ARC = YES;
				CLANG_WARN_BOOL_CONVERSION = YES;
				CLANG_WARN_CONSTANT_CONVERSION = YES;
				CLANG_WARN_DIRECT_OBJC_ISA_USAGE = YES_ERROR;
				CLANG_WARN_EMPTY_BODY = YES;
				CLANG_WARN_ENUM_CONVERSION = YES;
				CLANG_WARN_INT_CONVERSION = YES;
				CLANG_WARN_OBJC_ROOT_CLASS = YES_ERROR;
				CLANG_WARN_UNREACHABLE_CODE = YES;
				CLANG_WARN__DUPLICATE_METHOD_MATCH = YES;
				"CODE_SIGN_IDENTITY[sdk=iphoneos*]" = "iPhone Developer";
				COPY_PHASE_STRIP = YES;
				ENABLE_NS_ASSERTIONS = NO;
				ENABLE_STRICT_OBJC_MSGSEND = YES;
				GCC_C_LANGUAGE_STANDARD = gnu99;
				GCC_WARN_64_TO_32_BIT_CONVERSION = YES;
				GCC_WARN_ABOUT_RETURN_TYPE = YES_ERROR;
				GCC_WARN_UNDECLARED_SELECTOR = YES;
				GCC_WARN_UNINITIALIZED_AUTOS = YES_AGGRESSIVE;
				GCC_WARN_UNUSED_FUNCTION = YES;
				GCC_WARN_UNUSED_VARIABLE = YES;
				IPHONEOS_DEPLOYMENT_TARGET = 8.1;
				MTL_ENABLE_DEBUG_INFO = NO;
				SDKROOT = iphoneos;
				VALIDATE_PRODUCT = YES;
			};
			name = Release;
		};
		9B3B3EAB1AB04CA1006C2F5B /* Debug */ = {
			isa = XCBuildConfiguration;
			buildSettings = {
				ASSETCATALOG_COMPILER_APPICON_NAME = AppIcon;
				INFOPLIST_FILE = ScrollableTab/Info.plist;
				LD_RUNPATH_SEARCH_PATHS = "$(inherited) @executable_path/Frameworks";
				PRODUCT_NAME = "$(TARGET_NAME)";
			};
			name = Debug;
		};
		9B3B3EAC1AB04CA1006C2F5B /* Release */ = {
			isa = XCBuildConfiguration;
			buildSettings = {
				ASSETCATALOG_COMPILER_APPICON_NAME = AppIcon;
				INFOPLIST_FILE = ScrollableTab/Info.plist;
				LD_RUNPATH_SEARCH_PATHS = "$(inherited) @executable_path/Frameworks";
				PRODUCT_NAME = "$(TARGET_NAME)";
			};
			name = Release;
		};
		9B3B3EAE1AB04CA1006C2F5B /* Debug */ = {
			isa = XCBuildConfiguration;
			buildSettings = {
				BUNDLE_LOADER = "$(TEST_HOST)";
				FRAMEWORK_SEARCH_PATHS = (
					"$(SDKROOT)/Developer/Library/Frameworks",
					"$(inherited)",
				);
				GCC_PREPROCESSOR_DEFINITIONS = (
					"DEBUG=1",
					"$(inherited)",
				);
				INFOPLIST_FILE = ScrollableTabTests/Info.plist;
				LD_RUNPATH_SEARCH_PATHS = "$(inherited) @executable_path/Frameworks @loader_path/Frameworks";
				PRODUCT_NAME = "$(TARGET_NAME)";
				TEST_HOST = "$(BUILT_PRODUCTS_DIR)/ScrollableTab.app/ScrollableTab";
			};
			name = Debug;
		};
		9B3B3EAF1AB04CA1006C2F5B /* Release */ = {
			isa = XCBuildConfiguration;
			buildSettings = {
				BUNDLE_LOADER = "$(TEST_HOST)";
				FRAMEWORK_SEARCH_PATHS = (
					"$(SDKROOT)/Developer/Library/Frameworks",
					"$(inherited)",
				);
				INFOPLIST_FILE = ScrollableTabTests/Info.plist;
				LD_RUNPATH_SEARCH_PATHS = "$(inherited) @executable_path/Frameworks @loader_path/Frameworks";
				PRODUCT_NAME = "$(TARGET_NAME)";
				TEST_HOST = "$(BUILT_PRODUCTS_DIR)/ScrollableTab.app/ScrollableTab";
			};
			name = Release;
		};
/* End XCBuildConfiguration section */

/* Begin XCConfigurationList section */
		9B3B3E821AB04CA1006C2F5B /* Build configuration list for PBXProject "ScrollableTab" */ = {
			isa = XCConfigurationList;
			buildConfigurations = (
				9B3B3EA81AB04CA1006C2F5B /* Debug */,
				9B3B3EA91AB04CA1006C2F5B /* Release */,
			);
			defaultConfigurationIsVisible = 0;
			defaultConfigurationName = Release;
		};
		9B3B3EAA1AB04CA1006C2F5B /* Build configuration list for PBXNativeTarget "ScrollableTab" */ = {
			isa = XCConfigurationList;
			buildConfigurations = (
				9B3B3EAB1AB04CA1006C2F5B /* Debug */,
				9B3B3EAC1AB04CA1006C2F5B /* Release */,
			);
			defaultConfigurationIsVisible = 0;
			defaultConfigurationName = Release;
		};
		9B3B3EAD1AB04CA1006C2F5B /* Build configuration list for PBXNativeTarget "ScrollableTabTests" */ = {
			isa = XCConfigurationList;
			buildConfigurations = (
				9B3B3EAE1AB04CA1006C2F5B /* Debug */,
				9B3B3EAF1AB04CA1006C2F5B /* Release */,
			);
			defaultConfigurationIsVisible = 0;
			defaultConfigurationName = Release;
		};
/* End XCConfigurationList section */
	};
	rootObject = 9B3B3E7F1AB04CA1006C2F5B /* Project object */;
}
